
Microsoft Visual Studio Solution File, Format Version 12.00
# Visual Studio Version 17
VisualStudioVersion = 17.3.32825.248
MinimumVisualStudioVersion = 10.0.40219.1
Project("{FAE04EC0-301F-11D3-BF4B-00C04F79EFBC}") = "OdeToFood", "OdeToFood.csproj", "{AAF7820E-DC6E-40E1-AAF4-8F8C26EDF991}"
EndProject
Project("{FAE04EC0-301F-11D3-BF4B-00C04F79EFBC}") = "OdeToFood.Core", "..\OdeToFood.Core\OdeToFood.Core.csproj", "{0C7D875C-85E2-4DB9-9672-2B91DC0C6767}"
EndProject
Project("{FAE04EC0-301F-11D3-BF4B-00C04F79EFBC}") = "OdeToFood.DataAccessLayer", "..\OdeToFood.DataAccessLayer\OdeToFood.DataAccessLayer.csproj", "{632A947E-CC11-4AE6-A5AC-017369D14E3D}"
EndProject
Global
	GlobalSection(SolutionConfigurationPlatforms) = preSolution
		Debug|Any CPU = Debug|Any CPU
		Release|Any CPU = Release|Any CPU
	EndGlobalSection
	GlobalSection(ProjectConfigurationPlatforms) = postSolution
		{AAF7820E-DC6E-40E1-AAF4-8F8C26EDF991}.Debug|Any CPU.ActiveCfg = Debug|Any CPU
		{AAF7820E-DC6E-40E1-AAF4-8F8C26EDF991}.Debug|Any CPU.Build.0 = Debug|Any CPU
		{AAF7820E-DC6E-40E1-AAF4-8F8C26EDF991}.Release|Any CPU.ActiveCfg = Release|Any CPU
		{AAF7820E-DC6E-40E1-AAF4-8F8C26EDF991}.Release|Any CPU.Build.0 = Release|Any CPU
		{0C7D875C-85E2-4DB9-9672-2B91DC0C6767}.Debug|Any CPU.ActiveCfg = Debug|Any CPU
		{0C7D875C-85E2-4DB9-9672-2B91DC0C6767}.Debug|Any CPU.Build.0 = Debug|Any CPU
		{0C7D875C-85E2-4DB9-9672-2B91DC0C6767}.Release|Any CPU.ActiveCfg = Release|Any CPU
		{0C7D875C-85E2-4DB9-9672-2B91DC0C6767}.Release|Any CPU.Build.0 = Release|Any CPU
		{632A947E-CC11-4AE6-A5AC-017369D14E3D}.Debug|Any CPU.ActiveCfg = Debug|Any CPU
		{632A947E-CC11-4AE6-A5AC-017369D14E3D}.Debug|Any CPU.Build.0 = Debug|Any CPU
		{632A947E-CC11-4AE6-A5AC-017369D14E3D}.Release|Any CPU.ActiveCfg = Release|Any CPU
		{632A947E-CC11-4AE6-A5AC-017369D14E3D}.Release|Any CPU.Build.0 = Release|Any CPU
	EndGlobalSection
	GlobalSection(SolutionProperties) = preSolution
		HideSolutionNode = FALSE
	EndGlobalSection
	GlobalSection(ExtensibilityGlobals) = postSolution
		SolutionGuid = {DF309D9A-A583-4B4D-8BD1-9A474946A322}
	EndGlobalSection
EndGlobal
